
Microsoft Visual Studio Solution File, Format Version 12.00
# Visual Studio Version 17
VisualStudioVersion = 17.10.35122.118
MinimumVisualStudioVersion = 10.0.40219.1
Project("{FAE04EC0-301F-11D3-BF4B-00C04F79EFBC}") = "Practice using object oriented programming", "Practice using object oriented programming\Practice using object oriented programming.csproj", "{A48CEEDA-30FC-4D28-929C-5F254CB55356}"
EndProject
Global
	GlobalSection(SolutionConfigurationPlatforms) = preSolution
		Debug|Any CPU = Debug|Any CPU
		Release|Any CPU = Release|Any CPU
	EndGlobalSection
	GlobalSection(ProjectConfigurationPlatforms) = postSolution
		{A48CEEDA-30FC-4D28-929C-5F254CB55356}.Debug|Any CPU.ActiveCfg = Debug|Any CPU
		{A48CEEDA-30FC-4D28-929C-5F254CB55356}.Debug|Any CPU.Build.0 = Debug|Any CPU
		{A48CEEDA-30FC-4D28-929C-5F254CB55356}.Release|Any CPU.ActiveCfg = Release|Any CPU
		{A48CEEDA-30FC-4D28-929C-5F254CB55356}.Release|Any CPU.Build.0 = Release|Any CPU
	EndGlobalSection
	GlobalSection(SolutionProperties) = preSolution
		HideSolutionNode = FALSE
	EndGlobalSection
	GlobalSection(ExtensibilityGlobals) = postSolution
		SolutionGuid = {27D52CF7-03B2-4645-8A13-3B6B48428D8F}
	EndGlobalSection
EndGlobal
