
Microsoft Visual Studio Solution File, Format Version 12.00
# Visual Studio Version 17
VisualStudioVersion = 17.10.35122.118
MinimumVisualStudioVersion = 10.0.40219.1
Project("{FAE04EC0-301F-11D3-BF4B-00C04F79EFBC}") = "ConsoleDataConnectionSql", "ConsoleDataConnectionSql.csproj", "{234C955C-1AC1-4A2C-8EF2-548FD8435D46}"
EndProject
Project("{FAE04EC0-301F-11D3-BF4B-00C04F79EFBC}") = "MyFirstClass", "..\MyFirstClass\MyFirstClass.csproj", "{797281A9-3729-4505-93FA-4518CC4E0EA5}"
EndProject
Global
	GlobalSection(SolutionConfigurationPlatforms) = preSolution
		Debug|Any CPU = Debug|Any CPU
		Release|Any CPU = Release|Any CPU
	EndGlobalSection
	GlobalSection(ProjectConfigurationPlatforms) = postSolution
		{234C955C-1AC1-4A2C-8EF2-548FD8435D46}.Debug|Any CPU.ActiveCfg = Debug|Any CPU
		{234C955C-1AC1-4A2C-8EF2-548FD8435D46}.Debug|Any CPU.Build.0 = Debug|Any CPU
		{234C955C-1AC1-4A2C-8EF2-548FD8435D46}.Release|Any CPU.ActiveCfg = Release|Any CPU
		{234C955C-1AC1-4A2C-8EF2-548FD8435D46}.Release|Any CPU.Build.0 = Release|Any CPU
		{797281A9-3729-4505-93FA-4518CC4E0EA5}.Debug|Any CPU.ActiveCfg = Debug|Any CPU
		{797281A9-3729-4505-93FA-4518CC4E0EA5}.Debug|Any CPU.Build.0 = Debug|Any CPU
		{797281A9-3729-4505-93FA-4518CC4E0EA5}.Release|Any CPU.ActiveCfg = Release|Any CPU
		{797281A9-3729-4505-93FA-4518CC4E0EA5}.Release|Any CPU.Build.0 = Release|Any CPU
	EndGlobalSection
	GlobalSection(SolutionProperties) = preSolution
		HideSolutionNode = FALSE
	EndGlobalSection
	GlobalSection(ExtensibilityGlobals) = postSolution
		SolutionGuid = {A48EF6E3-E162-4BA6-BEAB-3E8778037723}
	EndGlobalSection
EndGlobal
