
Microsoft Visual Studio Solution File, Format Version 12.00
# Visual Studio Version 17
VisualStudioVersion = 17.10.35122.118
MinimumVisualStudioVersion = 10.0.40219.1
Project("{FAE04EC0-301F-11D3-BF4B-00C04F79EFBC}") = "ConsoleDataConnectionSql", "ConsoleDataConnectionSql.csproj", "{234C955C-1AC1-4A2C-8EF2-548FD8435D46}"
EndProject
Project("{FAE04EC0-301F-11D3-BF4B-00C04F79EFBC}") = "MyFirstClass", "..\MyFirstClass\MyFirstClass.csproj", "{797281A9-3729-4505-93FA-4518CC4E0EA5}"
EndProject
Project("{FAE04EC0-301F-11D3-BF4B-00C04F79EFBC}") = "WindowsFormsAppTry", "..\WindowsFormsAppTry\WindowsFormsAppTry.csproj", "{D5AA3B2E-3B3C-47F9-B969-D607265A2467}"
EndProject
Project("{FAE04EC0-301F-11D3-BF4B-00C04F79EFBC}") = "ConsoleContactAppPersentation", "..\ConsoleContactAppPersentation\ConsoleContactAppPersentation.csproj", "{C2DFDB85-D679-4C32-AC70-E3D383ADDECF}"
EndProject
Project("{FAE04EC0-301F-11D3-BF4B-00C04F79EFBC}") = "ContactBusinessLayer", "..\ContactBusinessLayer\ContactBusinessLayer.csproj", "{218C460C-90B0-447B-8120-B0CE57AF8723}"
EndProject
Project("{FAE04EC0-301F-11D3-BF4B-00C04F79EFBC}") = "DataAccessContactLayer", "..\DataAccessContactLayer\DataAccessContactLayer.csproj", "{D85B112A-E09B-46D1-B1B9-D488DC87C278}"
EndProject
Global
	GlobalSection(SolutionConfigurationPlatforms) = preSolution
		Debug|Any CPU = Debug|Any CPU
		Release|Any CPU = Release|Any CPU
	EndGlobalSection
	GlobalSection(ProjectConfigurationPlatforms) = postSolution
		{234C955C-1AC1-4A2C-8EF2-548FD8435D46}.Debug|Any CPU.ActiveCfg = Debug|Any CPU
		{234C955C-1AC1-4A2C-8EF2-548FD8435D46}.Debug|Any CPU.Build.0 = Debug|Any CPU
		{234C955C-1AC1-4A2C-8EF2-548FD8435D46}.Release|Any CPU.ActiveCfg = Release|Any CPU
		{234C955C-1AC1-4A2C-8EF2-548FD8435D46}.Release|Any CPU.Build.0 = Release|Any CPU
		{797281A9-3729-4505-93FA-4518CC4E0EA5}.Debug|Any CPU.ActiveCfg = Debug|Any CPU
		{797281A9-3729-4505-93FA-4518CC4E0EA5}.Debug|Any CPU.Build.0 = Debug|Any CPU
		{797281A9-3729-4505-93FA-4518CC4E0EA5}.Release|Any CPU.ActiveCfg = Release|Any CPU
		{797281A9-3729-4505-93FA-4518CC4E0EA5}.Release|Any CPU.Build.0 = Release|Any CPU
		{D5AA3B2E-3B3C-47F9-B969-D607265A2467}.Debug|Any CPU.ActiveCfg = Debug|Any CPU
		{D5AA3B2E-3B3C-47F9-B969-D607265A2467}.Debug|Any CPU.Build.0 = Debug|Any CPU
		{D5AA3B2E-3B3C-47F9-B969-D607265A2467}.Release|Any CPU.ActiveCfg = Release|Any CPU
		{D5AA3B2E-3B3C-47F9-B969-D607265A2467}.Release|Any CPU.Build.0 = Release|Any CPU
		{C2DFDB85-D679-4C32-AC70-E3D383ADDECF}.Debug|Any CPU.ActiveCfg = Debug|Any CPU
		{C2DFDB85-D679-4C32-AC70-E3D383ADDECF}.Debug|Any CPU.Build.0 = Debug|Any CPU
		{C2DFDB85-D679-4C32-AC70-E3D383ADDECF}.Release|Any CPU.ActiveCfg = Release|Any CPU
		{C2DFDB85-D679-4C32-AC70-E3D383ADDECF}.Release|Any CPU.Build.0 = Release|Any CPU
		{218C460C-90B0-447B-8120-B0CE57AF8723}.Debug|Any CPU.ActiveCfg = Debug|Any CPU
		{218C460C-90B0-447B-8120-B0CE57AF8723}.Debug|Any CPU.Build.0 = Debug|Any CPU
		{218C460C-90B0-447B-8120-B0CE57AF8723}.Release|Any CPU.ActiveCfg = Release|Any CPU
		{218C460C-90B0-447B-8120-B0CE57AF8723}.Release|Any CPU.Build.0 = Release|Any CPU
		{D85B112A-E09B-46D1-B1B9-D488DC87C278}.Debug|Any CPU.ActiveCfg = Debug|Any CPU
		{D85B112A-E09B-46D1-B1B9-D488DC87C278}.Debug|Any CPU.Build.0 = Debug|Any CPU
		{D85B112A-E09B-46D1-B1B9-D488DC87C278}.Release|Any CPU.ActiveCfg = Release|Any CPU
		{D85B112A-E09B-46D1-B1B9-D488DC87C278}.Release|Any CPU.Build.0 = Release|Any CPU
	EndGlobalSection
	GlobalSection(SolutionProperties) = preSolution
		HideSolutionNode = FALSE
	EndGlobalSection
	GlobalSection(ExtensibilityGlobals) = postSolution
		SolutionGuid = {A48EF6E3-E162-4BA6-BEAB-3E8778037723}
	EndGlobalSection
EndGlobal
